// !$*UTF8*$!
{
	archiveVersion = 1;
	classes = {
	};
	objectVersion = 77;
	objects = {

/* Begin PBXContainerItemProxy section */
		9B27D7FD2E4289F100BAEBE4 /* PBXContainerItemProxy */ = {
			isa = PBXContainerItemProxy;
			containerPortal = 9B27D7E52E4289F000BAEBE4 /* Project object */;
			proxyType = 1;
			remoteGlobalIDString = 9B27D7EC2E4289F000BAEBE4;
			remoteInfo = RecycleAI;
		};
		9B27D8072E4289F100BAEBE4 /* PBXContainerItemProxy */ = {
			isa = PBXContainerItemProxy;
			containerPortal = 9B27D7E52E4289F000BAEBE4 /* Project object */;
			proxyType = 1;
			remoteGlobalIDString = 9B27D7EC2E4289F000BAEBE4;
			remoteInfo = RecycleAI;
		};
/* End PBXContainerItemProxy section */

/* Begin PBXFileReference section */
		9B27D7ED2E4289F000BAEBE4 /* RecycleAI.app */ = {isa = PBXFileReference; explicitFileType = wrapper.application; includeInIndex = 0; path = RecycleAI.app; sourceTree = BUILT_PRODUCTS_DIR; };
		9B27D7FC2E4289F100BAEBE4 /* RecycleAITests.xctest */ = {isa = PBXFileReference; explicitFileType = wrapper.cfbundle; includeInIndex = 0; path = RecycleAITests.xctest; sourceTree = BUILT_PRODUCTS_DIR; };
		9B27D8062E4289F100BAEBE4 /* RecycleAIUITests.xctest */ = {isa = PBXFileReference; explicitFileType = wrapper.cfbundle; includeInIndex = 0; path = RecycleAIUITests.xctest; sourceTree = BUILT_PRODUCTS_DIR; };
/* End PBXFileReference section */

/* Begin PBXFileSystemSynchronizedRootGroup section */
		9B27D7EF2E4289F000BAEBE4 /* RecycleAI */ = {
			isa = PBXFileSystemSynchronizedRootGroup;
			path = RecycleAI;
			sourceTree = "<group>";
		};
		9B27D7FF2E4289F100BAEBE4 /* RecycleAITests */ = {
			isa = PBXFileSystemSynchronizedRootGroup;
			path = RecycleAITests;
			sourceTree = "<group>";
		};
		9B27D8092E4289F100BAEBE4 /* RecycleAIUITests */ = {
			isa = PBXFileSystemSynchronizedRootGroup;
			path = RecycleAIUITests;
			sourceTree = "<group>";
		};
/* End PBXFileSystemSynchronizedRootGroup section */

/* Begin PBXFrameworksBuildPhase section */
		9B27D7EA2E4289F000BAEBE4 /* Frameworks */ = {
			isa = PBXFrameworksBuildPhase;
			buildActionMask = 2147483647;
			files = (
			);
			runOnlyForDeploymentPostprocessing = 0;
		};
		9B27D7F92E4289F100BAEBE4 /* Frameworks */ = {
			isa = PBXFrameworksBuildPhase;
			buildActionMask = 2147483647;
			files = (
			);
			runOnlyForDeploymentPostprocessing = 0;
		};
		9B27D8032E4289F100BAEBE4 /* Frameworks */ = {
			isa = PBXFrameworksBuildPhase;
			buildActionMask = 2147483647;
			files = (
			);
			runOnlyForDeploymentPostprocessing = 0;
		};
/* End PBXFrameworksBuildPhase section */

/* Begin PBXGroup section */
		9B27D7E42E4289F000BAEBE4 = {
			isa = PBXGroup;
			children = (
				9B27D7EF2E4289F000BAEBE4 /* RecycleAI */,
				9B27D7FF2E4289F100BAEBE4 /* RecycleAITests */,
				9B27D8092E4289F100BAEBE4 /* RecycleAIUITests */,
				9B27D7EE2E4289F000BAEBE4 /* Products */,
			);
			sourceTree = "<group>";
		};
		9B27D7EE2E4289F000BAEBE4 /* Products */ = {
			isa = PBXGroup;
			children = (
				9B27D7ED2E4289F000BAEBE4 /* RecycleAI.app */,
				9B27D7FC2E4289F100BAEBE4 /* RecycleAITests.xctest */,
				9B27D8062E4289F100BAEBE4 /* RecycleAIUITests.xctest */,
			);
			name = Products;
			sourceTree = "<group>";
		};
/* End PBXGroup section */

/* Begin PBXNativeTarget section */
		9B27D7EC2E4289F000BAEBE4 /* RecycleAI */ = {
			isa = PBXNativeTarget;
			buildConfigurationList = 9B27D8102E4289F100BAEBE4 /* Build configuration list for PBXNativeTarget "RecycleAI" */;
			buildPhases = (
				9B27D7E92E4289F000BAEBE4 /* Sources */,
				9B27D7EA2E4289F000BAEBE4 /* Frameworks */,
				9B27D7EB2E4289F000BAEBE4 /* Resources */,
			);
			buildRules = (
			);
			dependencies = (
			);
			fileSystemSynchronizedGroups = (
				9B27D7EF2E4289F000BAEBE4 /* RecycleAI */,
			);
			name = RecycleAI;
			packageProductDependencies = (
			);
			productName = RecycleAI;
			productReference = 9B27D7ED2E4289F000BAEBE4 /* RecycleAI.app */;
			productType = "com.apple.product-type.application";
		};
		9B27D7FB2E4289F100BAEBE4 /* RecycleAITests */ = {
			isa = PBXNativeTarget;
			buildConfigurationList = 9B27D8132E4289F100BAEBE4 /* Build configuration list for PBXNativeTarget "RecycleAITests" */;
			buildPhases = (
				9B27D7F82E4289F100BAEBE4 /* Sources */,
				9B27D7F92E4289F100BAEBE4 /* Frameworks */,
				9B27D7FA2E4289F100BAEBE4 /* Resources */,
			);
			buildRules = (
			);
			dependencies = (
				9B27D7FE2E4289F100BAEBE4 /* PBXTargetDependency */,
			);
			fileSystemSynchronizedGroups = (
				9B27D7FF2E4289F100BAEBE4 /* RecycleAITests */,
			);
			name = RecycleAITests;
			packageProductDependencies = (
			);
			productName = RecycleAITests;
			productReference = 9B27D7FC2E4289F100BAEBE4 /* RecycleAITests.xctest */;
			productType = "com.apple.product-type.bundle.unit-test";
		};
		9B27D8052E4289F100BAEBE4 /* RecycleAIUITests */ = {
			isa = PBXNativeTarget;
			buildConfigurationList = 9B27D8162E4289F100BAEBE4 /* Build configuration list for PBXNativeTarget "RecycleAIUITests" */;
			buildPhases = (
				9B27D8022E4289F100BAEBE4 /* Sources */,
				9B27D8032E4289F100BAEBE4 /* Frameworks */,
				9B27D8042E4289F100BAEBE4 /* Resources */,
			);
			buildRules = (
			);
			dependencies = (
				9B27D8082E4289F100BAEBE4 /* PBXTargetDependency */,
			);
			fileSystemSynchronizedGroups = (
				9B27D8092E4289F100BAEBE4 /* RecycleAIUITests */,
			);
			name = RecycleAIUITests;
			packageProductDependencies = (
			);
			productName = RecycleAIUITests;
			productReference = 9B27D8062E4289F100BAEBE4 /* RecycleAIUITests.xctest */;
			productType = "com.apple.product-type.bundle.ui-testing";
		};
/* End PBXNativeTarget section */

/* Begin PBXProject section */
		9B27D7E52E4289F000BAEBE4 /* Project object */ = {
			isa = PBXProject;
			attributes = {
				BuildIndependentTargetsInParallel = 1;
				LastSwiftUpdateCheck = 1640;
				LastUpgradeCheck = 1640;
				TargetAttributes = {
					9B27D7EC2E4289F000BAEBE4 = {
						CreatedOnToolsVersion = 16.4;
					};
					9B27D7FB2E4289F100BAEBE4 = {
						CreatedOnToolsVersion = 16.4;
						TestTargetID = 9B27D7EC2E4289F000BAEBE4;
					};
					9B27D8052E4289F100BAEBE4 = {
						CreatedOnToolsVersion = 16.4;
						TestTargetID = 9B27D7EC2E4289F000BAEBE4;
					};
				};
			};
			buildConfigurationList = 9B27D7E82E4289F000BAEBE4 /* Build configuration list for PBXProject "RecycleAI" */;
			developmentRegion = en;
			hasScannedForEncodings = 0;
			knownRegions = (
				en,
				Base,
			);
			mainGroup = 9B27D7E42E4289F000BAEBE4;
			minimizedProjectReferenceProxies = 1;
			preferredProjectObjectVersion = 77;
			productRefGroup = 9B27D7EE2E4289F000BAEBE4 /* Products */;
			projectDirPath = "";
			projectRoot = "";
			targets = (
				9B27D7EC2E4289F000BAEBE4 /* RecycleAI */,
				9B27D7FB2E4289F100BAEBE4 /* RecycleAITests */,
				9B27D8052E4289F100BAEBE4 /* RecycleAIUITests */,
			);
		};
/* End PBXProject section */

/* Begin PBXResourcesBuildPhase section */
		9B27D7EB2E4289F000BAEBE4 /* Resources */ = {
			isa = PBXResourcesBuildPhase;
			buildActionMask = 2147483647;
			files = (
			);
			runOnlyForDeploymentPostprocessing = 0;
		};
		9B27D7FA2E4289F100BAEBE4 /* Resources */ = {
			isa = PBXResourcesBuildPhase;
			buildActionMask = 2147483647;
			files = (
			);
			runOnlyForDeploymentPostprocessing = 0;
		};
		9B27D8042E4289F100BAEBE4 /* Resources */ = {
			isa = PBXResourcesBuildPhase;
			buildActionMask = 2147483647;
			files = (
			);
			runOnlyForDeploymentPostprocessing = 0;
		};
/* End PBXResourcesBuildPhase section */

/* Begin PBXSourcesBuildPhase section */
		9B27D7E92E4289F000BAEBE4 /* Sources */ = {
			isa = PBXSourcesBuildPhase;
			buildActionMask = 2147483647;
			files = (
			);
			runOnlyForDeploymentPostprocessing = 0;
		};
		9B27D7F82E4289F100BAEBE4 /* Sources */ = {
			isa = PBXSourcesBuildPhase;
			buildActionMask = 2147483647;
			files = (
			);
			runOnlyForDeploymentPostprocessing = 0;
		};
		9B27D8022E4289F100BAEBE4 /* Sources */ = {
			isa = PBXSourcesBuildPhase;
			buildActionMask = 2147483647;
			files = (
			);
			runOnlyForDeploymentPostprocessing = 0;
		};
/* End PBXSourcesBuildPhase section */

/* Begin PBXTargetDependency section */
		9B27D7FE2E4289F100BAEBE4 /* PBXTargetDependency */ = {
			isa = PBXTargetDependency;
			target = 9B27D7EC2E4289F000BAEBE4 /* RecycleAI */;
			targetProxy = 9B27D7FD2E4289F100BAEBE4 /* PBXContainerItemProxy */;
		};
		9B27D8082E4289F100BAEBE4 /* PBXTargetDependency */ = {
			isa = PBXTargetDependency;
			target = 9B27D7EC2E4289F000BAEBE4 /* RecycleAI */;
			targetProxy = 9B27D8072E4289F100BAEBE4 /* PBXContainerItemProxy */;
		};
/* End PBXTargetDependency section */

/* Begin XCBuildConfiguration section */
		9B27D80E2E4289F100BAEBE4 /* Debug */ = {
			isa = XCBuildConfiguration;
			buildSettings = {
				ALWAYS_SEARCH_USER_PATHS = NO;
				ASSETCATALOG_COMPILER_GENERATE_SWIFT_ASSET_SYMBOL_EXTENSIONS = YES;
				CLANG_ANALYZER_NONNULL = YES;
				CLANG_ANALYZER_NUMBER_OBJECT_CONVERSION = YES_AGGRESSIVE;
				CLANG_CXX_LANGUAGE_STANDARD = "gnu++20";
				CLANG_ENABLE_MODULES = YES;
				CLANG_ENABLE_OBJC_ARC = YES;
				CLANG_ENABLE_OBJC_WEAK = YES;
				CLANG_WARN_BLOCK_CAPTURE_AUTORELEASING = YES;
				CLANG_WARN_BOOL_CONVERSION = YES;
				CLANG_WARN_COMMA = YES;
				CLANG_WARN_CONSTANT_CONVERSION = YES;
				CLANG_WARN_DEPRECATED_OBJC_IMPLEMENTATIONS = YES;
				CLANG_WARN_DIRECT_OBJC_ISA_USAGE = YES_ERROR;
				CLANG_WARN_DOCUMENTATION_COMMENTS = YES;
				CLANG_WARN_EMPTY_BODY = YES;
				CLANG_WARN_ENUM_CONVERSION = YES;
				CLANG_WARN_INFINITE_RECURSION = YES;
				CLANG_WARN_INT_CONVERSION = YES;
				CLANG_WARN_NON_LITERAL_NULL_CONVERSION = YES;
				CLANG_WARN_OBJC_IMPLICIT_RETAIN_SELF = YES;
				CLANG_WARN_OBJC_LITERAL_CONVERSION = YES;
				CLANG_WARN_OBJC_ROOT_CLASS = YES_ERROR;
				CLANG_WARN_QUOTED_INCLUDE_IN_FRAMEWORK_HEADER = YES;
				CLANG_WARN_RANGE_LOOP_ANALYSIS = YES;
				CLANG_WARN_STRICT_PROTOTYPES = YES;
				CLANG_WARN_SUSPICIOUS_MOVE = YES;
				CLANG_WARN_UNGUARDED_AVAILABILITY = YES_AGGRESSIVE;
				CLANG_WARN_UNREACHABLE_CODE = YES;
				CLANG_WARN__DUPLICATE_METHOD_MATCH = YES;
				COPY_PHASE_STRIP = NO;
				DEBUG_INFORMATION_FORMAT = dwarf;
				ENABLE_STRICT_OBJC_MSGSEND = YES;
				ENABLE_TESTABILITY = YES;
				ENABLE_USER_SCRIPT_SANDBOXING = YES;
				GCC_C_LANGUAGE_STANDARD = gnu17;
				GCC_DYNAMIC_NO_PIC = NO;
				GCC_NO_COMMON_BLOCKS = YES;
				GCC_OPTIMIZATION_LEVEL = 0;
				GCC_PREPROCESSOR_DEFINITIONS = (
					"DEBUG=1",
					"$(inherited)",
				);
				GCC_WARN_64_TO_32_BIT_CONVERSION = YES;
				GCC_WARN_ABOUT_RETURN_TYPE = YES_ERROR;
				GCC_WARN_UNDECLARED_SELECTOR = YES;
				GCC_WARN_UNINITIALIZED_AUTOS = YES_AGGRESSIVE;
				GCC_WARN_UNUSED_FUNCTION = YES;
				GCC_WARN_UNUSED_VARIABLE = YES;
				IPHONEOS_DEPLOYMENT_TARGET = 18.5;
				LOCALIZATION_PREFERS_STRING_CATALOGS = YES;
				MTL_ENABLE_DEBUG_INFO = INCLUDE_SOURCE;
				MTL_FAST_MATH = YES;
				ONLY_ACTIVE_ARCH = YES;
				SDKROOT = iphoneos;
				SWIFT_ACTIVE_COMPILATION_CONDITIONS = "DEBUG $(inherited)";
				SWIFT_OPTIMIZATION_LEVEL = "-Onone";
			};
			name = Debug;
		};
		9B27D80F2E4289F100BAEBE4 /* Release */ = {
			isa = XCBuildConfiguration;
			buildSettings = {
				ALWAYS_SEARCH_USER_PATHS = NO;
				ASSETCATALOG_COMPILER_GENERATE_SWIFT_ASSET_SYMBOL_EXTENSIONS = YES;
				CLANG_ANALYZER_NONNULL = YES;
				CLANG_ANALYZER_NUMBER_OBJECT_CONVERSION = YES_AGGRESSIVE;
				CLANG_CXX_LANGUAGE_STANDARD = "gnu++20";
				CLANG_ENABLE_MODULES = YES;
				CLANG_ENABLE_OBJC_ARC = YES;
				CLANG_ENABLE_OBJC_WEAK = YES;
				CLANG_WARN_BLOCK_CAPTURE_AUTORELEASING = YES;
				CLANG_WARN_BOOL_CONVERSION = YES;
				CLANG_WARN_COMMA = YES;
				CLANG_WARN_CONSTANT_CONVERSION = YES;
				CLANG_WARN_DEPRECATED_OBJC_IMPLEMENTATIONS = YES;
				CLANG_WARN_DIRECT_OBJC_ISA_USAGE = YES_ERROR;
				CLANG_WARN_DOCUMENTATION_COMMENTS = YES;
				CLANG_WARN_EMPTY_BODY = YES;
				CLANG_WARN_ENUM_CONVERSION = YES;
				CLANG_WARN_INFINITE_RECURSION = YES;
				CLANG_WARN_INT_CONVERSION = YES;
				CLANG_WARN_NON_LITERAL_NULL_CONVERSION = YES;
				CLANG_WARN_OBJC_IMPLICIT_RETAIN_SELF = YES;
				CLANG_WARN_OBJC_LITERAL_CONVERSION = YES;
				CLANG_WARN_OBJC_ROOT_CLASS = YES_ERROR;
				CLANG_WARN_QUOTED_INCLUDE_IN_FRAMEWORK_HEADER = YES;
				CLANG_WARN_RANGE_LOOP_ANALYSIS = YES;
				CLANG_WARN_STRICT_PROTOTYPES = YES;
				CLANG_WARN_SUSPICIOUS_MOVE = YES;
				CLANG_WARN_UNGUARDED_AVAILABILITY = YES_AGGRESSIVE;
				CLANG_WARN_UNREACHABLE_CODE = YES;
				CLANG_WARN__DUPLICATE_METHOD_MATCH = YES;
				COPY_PHASE_STRIP = NO;
				DEBUG_INFORMATION_FORMAT = "dwarf-with-dsym";
				ENABLE_NS_ASSERTIONS = NO;
				ENABLE_STRICT_OBJC_MSGSEND = YES;
				ENABLE_USER_SCRIPT_SANDBOXING = YES;
				GCC_C_LANGUAGE_STANDARD = gnu17;
				GCC_NO_COMMON_BLOCKS = YES;
				GCC_WARN_64_TO_32_BIT_CONVERSION = YES;
				GCC_WARN_ABOUT_RETURN_TYPE = YES_ERROR;
				GCC_WARN_UNDECLARED_SELECTOR = YES;
				GCC_WARN_UNINITIALIZED_AUTOS = YES_AGGRESSIVE;
				GCC_WARN_UNUSED_FUNCTION = YES;
				GCC_WARN_UNUSED_VARIABLE = YES;
				IPHONEOS_DEPLOYMENT_TARGET = 18.5;
				LOCALIZATION_PREFERS_STRING_CATALOGS = YES;
				MTL_ENABLE_DEBUG_INFO = NO;
				MTL_FAST_MATH = YES;
				SDKROOT = iphoneos;
				SWIFT_COMPILATION_MODE = wholemodule;
				VALIDATE_PRODUCT = YES;
			};
			name = Release;
		};
		9B27D8112E4289F100BAEBE4 /* Debug */ = {
			isa = XCBuildConfiguration;
			buildSettings = {
				ASSETCATALOG_COMPILER_APPICON_NAME = AppIcon;
				ASSETCATALOG_COMPILER_GLOBAL_ACCENT_COLOR_NAME = AccentColor;
				CODE_SIGN_STYLE = Automatic;
				CURRENT_PROJECT_VERSION = 1;
				ENABLE_PREVIEWS = YES;
				GENERATE_INFOPLIST_FILE = YES;
				INFOPLIST_KEY_UIApplicationSceneManifest_Generation = YES;
				INFOPLIST_KEY_UIApplicationSupportsIndirectInputEvents = YES;
				INFOPLIST_KEY_UILaunchScreen_Generation = YES;
				INFOPLIST_KEY_UISupportedInterfaceOrientations_iPad = "UIInterfaceOrientationPortrait UIInterfaceOrientationPortraitUpsideDown UIInterfaceOrientationLandscapeLeft UIInterfaceOrientationLandscapeRight";
				INFOPLIST_KEY_UISupportedInterfaceOrientations_iPhone = "UIInterfaceOrientationPortrait UIInterfaceOrientationLandscapeLeft UIInterfaceOrientationLandscapeRight";
				LD_RUNPATH_SEARCH_PATHS = (
					"$(inherited)",
					"@executable_path/Frameworks",
				);
				MARKETING_VERSION = 1.0;
				PRODUCT_BUNDLE_IDENTIFIER = net.hellonearth311.RecycleAI;
				PRODUCT_NAME = "$(TARGET_NAME)";
				SWIFT_EMIT_LOC_STRINGS = YES;
				SWIFT_VERSION = 5.0;
				TARGETED_DEVICE_FAMILY = "1,2";
			};
			name = Debug;
		};
		9B27D8122E4289F100BAEBE4 /* Release */ = {
			isa = XCBuildConfiguration;
			buildSettings = {
				ASSETCATALOG_COMPILER_APPICON_NAME = AppIcon;
				ASSETCATALOG_COMPILER_GLOBAL_ACCENT_COLOR_NAME = AccentColor;
				CODE_SIGN_STYLE = Automatic;
				CURRENT_PROJECT_VERSION = 1;
				ENABLE_PREVIEWS = YES;
				GENERATE_INFOPLIST_FILE = YES;
				INFOPLIST_KEY_UIApplicationSceneManifest_Generation = YES;
				INFOPLIST_KEY_UIApplicationSupportsIndirectInputEvents = YES;
				INFOPLIST_KEY_UILaunchScreen_Generation = YES;
				INFOPLIST_KEY_UISupportedInterfaceOrientations_iPad = "UIInterfaceOrientationPortrait UIInterfaceOrientationPortraitUpsideDown UIInterfaceOrientationLandscapeLeft UIInterfaceOrientationLandscapeRight";
				INFOPLIST_KEY_UISupportedInterfaceOrientations_iPhone = "UIInterfaceOrientationPortrait UIInterfaceOrientationLandscapeLeft UIInterfaceOrientationLandscapeRight";
				LD_RUNPATH_SEARCH_PATHS = (
					"$(inherited)",
					"@executable_path/Frameworks",
				);
				MARKETING_VERSION = 1.0;
				PRODUCT_BUNDLE_IDENTIFIER = net.hellonearth311.RecycleAI;
				PRODUCT_NAME = "$(TARGET_NAME)";
				SWIFT_EMIT_LOC_STRINGS = YES;
				SWIFT_VERSION = 5.0;
				TARGETED_DEVICE_FAMILY = "1,2";
			};
			name = Release;
		};
		9B27D8142E4289F100BAEBE4 /* Debug */ = {
			isa = XCBuildConfiguration;
			buildSettings = {
				BUNDLE_LOADER = "$(TEST_HOST)";
				CODE_SIGN_STYLE = Automatic;
				CURRENT_PROJECT_VERSION = 1;
				GENERATE_INFOPLIST_FILE = YES;
				IPHONEOS_DEPLOYMENT_TARGET = 18.5;
				MARKETING_VERSION = 1.0;
				PRODUCT_BUNDLE_IDENTIFIER = net.hellonearth311.RecycleAITests;
				PRODUCT_NAME = "$(TARGET_NAME)";
				SWIFT_EMIT_LOC_STRINGS = NO;
				SWIFT_VERSION = 5.0;
				TARGETED_DEVICE_FAMILY = "1,2";
				TEST_HOST = "$(BUILT_PRODUCTS_DIR)/RecycleAI.app/$(BUNDLE_EXECUTABLE_FOLDER_PATH)/RecycleAI";
			};
			name = Debug;
		};
		9B27D8152E4289F100BAEBE4 /* Release */ = {
			isa = XCBuildConfiguration;
			buildSettings = {
				BUNDLE_LOADER = "$(TEST_HOST)";
				CODE_SIGN_STYLE = Automatic;
				CURRENT_PROJECT_VERSION = 1;
				GENERATE_INFOPLIST_FILE = YES;
				IPHONEOS_DEPLOYMENT_TARGET = 18.5;
				MARKETING_VERSION = 1.0;
				PRODUCT_BUNDLE_IDENTIFIER = net.hellonearth311.RecycleAITests;
				PRODUCT_NAME = "$(TARGET_NAME)";
				SWIFT_EMIT_LOC_STRINGS = NO;
				SWIFT_VERSION = 5.0;
				TARGETED_DEVICE_FAMILY = "1,2";
				TEST_HOST = "$(BUILT_PRODUCTS_DIR)/RecycleAI.app/$(BUNDLE_EXECUTABLE_FOLDER_PATH)/RecycleAI";
			};
			name = Release;
		};
		9B27D8172E4289F100BAEBE4 /* Debug */ = {
			isa = XCBuildConfiguration;
			buildSettings = {
				CODE_SIGN_STYLE = Automatic;
				CURRENT_PROJECT_VERSION = 1;
				GENERATE_INFOPLIST_FILE = YES;
				MARKETING_VERSION = 1.0;
				PRODUCT_BUNDLE_IDENTIFIER = net.hellonearth311.RecycleAIUITests;
				PRODUCT_NAME = "$(TARGET_NAME)";
				SWIFT_EMIT_LOC_STRINGS = NO;
				SWIFT_VERSION = 5.0;
				TARGETED_DEVICE_FAMILY = "1,2";
				TEST_TARGET_NAME = RecycleAI;
			};
			name = Debug;
		};
		9B27D8182E4289F100BAEBE4 /* Release */ = {
			isa = XCBuildConfiguration;
			buildSettings = {
				CODE_SIGN_STYLE = Automatic;
				CURRENT_PROJECT_VERSION = 1;
				GENERATE_INFOPLIST_FILE = YES;
				MARKETING_VERSION = 1.0;
				PRODUCT_BUNDLE_IDENTIFIER = net.hellonearth311.RecycleAIUITests;
				PRODUCT_NAME = "$(TARGET_NAME)";
				SWIFT_EMIT_LOC_STRINGS = NO;
				SWIFT_VERSION = 5.0;
				TARGETED_DEVICE_FAMILY = "1,2";
				TEST_TARGET_NAME = RecycleAI;
			};
			name = Release;
		};
/* End XCBuildConfiguration section */

/* Begin XCConfigurationList section */
		9B27D7E82E4289F000BAEBE4 /* Build configuration list for PBXProject "RecycleAI" */ = {
			isa = XCConfigurationList;
			buildConfigurations = (
				9B27D80E2E4289F100BAEBE4 /* Debug */,
				9B27D80F2E4289F100BAEBE4 /* Release */,
			);
			defaultConfigurationIsVisible = 0;
			defaultConfigurationName = Release;
		};
		9B27D8102E4289F100BAEBE4 /* Build configuration list for PBXNativeTarget "RecycleAI" */ = {
			isa = XCConfigurationList;
			buildConfigurations = (
				9B27D8112E4289F100BAEBE4 /* Debug */,
				9B27D8122E4289F100BAEBE4 /* Release */,
			);
			defaultConfigurationIsVisible = 0;
			defaultConfigurationName = Release;
		};
		9B27D8132E4289F100BAEBE4 /* Build configuration list for PBXNativeTarget "RecycleAITests" */ = {
			isa = XCConfigurationList;
			buildConfigurations = (
				9B27D8142E4289F100BAEBE4 /* Debug */,
				9B27D8152E4289F100BAEBE4 /* Release */,
			);
			defaultConfigurationIsVisible = 0;
			defaultConfigurationName = Release;
		};
		9B27D8162E4289F100BAEBE4 /* Build configuration list for PBXNativeTarget "RecycleAIUITests" */ = {
			isa = XCConfigurationList;
			buildConfigurations = (
				9B27D8172E4289F100BAEBE4 /* Debug */,
				9B27D8182E4289F100BAEBE4 /* Release */,
			);
			defaultConfigurationIsVisible = 0;
			defaultConfigurationName = Release;
		};
/* End XCConfigurationList section */
	};
	rootObject = 9B27D7E52E4289F000BAEBE4 /* Project object */;
}
